
Microsoft Visual Studio Solution File, Format Version 12.00
# Visual Studio Version 16
VisualStudioVersion = 16.0.30011.22
MinimumVisualStudioVersion = 10.0.40219.1
Project("{FAE04EC0-301F-11D3-BF4B-00C04F79EFBC}") = "Kafka.Sender", "Src\Kafka.Sender\Kafka.Sender.csproj", "{D082BBDA-9E14-4E66-9C1D-5CE3372CA73D}"
EndProject
Project("{FAE04EC0-301F-11D3-BF4B-00C04F79EFBC}") = "Kafka.Receive", "Src\Kafka.Receive\Kafka.Receive.csproj", "{BE0499E0-1605-4151-BE58-C2E5F531BAFB}"
EndProject
Global
	GlobalSection(SolutionConfigurationPlatforms) = preSolution
		Debug|Any CPU = Debug|Any CPU
		Release|Any CPU = Release|Any CPU
	EndGlobalSection
	GlobalSection(ProjectConfigurationPlatforms) = postSolution
		{D082BBDA-9E14-4E66-9C1D-5CE3372CA73D}.Debug|Any CPU.ActiveCfg = Debug|Any CPU
		{D082BBDA-9E14-4E66-9C1D-5CE3372CA73D}.Debug|Any CPU.Build.0 = Debug|Any CPU
		{D082BBDA-9E14-4E66-9C1D-5CE3372CA73D}.Release|Any CPU.ActiveCfg = Release|Any CPU
		{D082BBDA-9E14-4E66-9C1D-5CE3372CA73D}.Release|Any CPU.Build.0 = Release|Any CPU
		{BE0499E0-1605-4151-BE58-C2E5F531BAFB}.Debug|Any CPU.ActiveCfg = Debug|Any CPU
		{BE0499E0-1605-4151-BE58-C2E5F531BAFB}.Debug|Any CPU.Build.0 = Debug|Any CPU
		{BE0499E0-1605-4151-BE58-C2E5F531BAFB}.Release|Any CPU.ActiveCfg = Release|Any CPU
		{BE0499E0-1605-4151-BE58-C2E5F531BAFB}.Release|Any CPU.Build.0 = Release|Any CPU
	EndGlobalSection
	GlobalSection(SolutionProperties) = preSolution
		HideSolutionNode = FALSE
	EndGlobalSection
	GlobalSection(ExtensibilityGlobals) = postSolution
		SolutionGuid = {D80A8DC9-4A86-4597-9898-32D16D1FE81E}
	EndGlobalSection
EndGlobal
